// !$*UTF8*$!
{
	archiveVersion = 1;
	classes = {
	};
	objectVersion = 50;
	objects = {

/* Begin PBXBuildFile section */
		B0C4C3141E51E49E263C8C72 /* Pods_FBSocial.framework in Frameworks */ = {isa = PBXBuildFile; fileRef = 3DD7A4176D883DC5FEC846A5 /* Pods_FBSocial.framework */; settings = {ATTRIBUTES = (Required, ); }; };
		CE1C303B226B81B5006551D1 /* AppDelegate.swift in Sources */ = {isa = PBXBuildFile; fileRef = CE1C303A226B81B5006551D1 /* AppDelegate.swift */; };
		CE1C3040226B81B6006551D1 /* Main.storyboard in Resources */ = {isa = PBXBuildFile; fileRef = CE1C303E226B81B6006551D1 /* Main.storyboard */; };
		CE1C3042226B81B7006551D1 /* Assets.xcassets in Resources */ = {isa = PBXBuildFile; fileRef = CE1C3041226B81B7006551D1 /* Assets.xcassets */; };
		CE1C3045226B81B7006551D1 /* LaunchScreen.storyboard in Resources */ = {isa = PBXBuildFile; fileRef = CE1C3043226B81B7006551D1 /* LaunchScreen.storyboard */; };
		CE1C304F226B9341006551D1 /* LoginViewController.swift in Sources */ = {isa = PBXBuildFile; fileRef = CE1C304E226B9341006551D1 /* LoginViewController.swift */; };
		CE4496C82273A6A400DE18E2 /* FBNetworkController.swift in Sources */ = {isa = PBXBuildFile; fileRef = CE4496C72273A6A400DE18E2 /* FBNetworkController.swift */; };
		CE5E844022791B1000609D09 /* TwitterNetworkController.swift in Sources */ = {isa = PBXBuildFile; fileRef = CE5E843F22791B1000609D09 /* TwitterNetworkController.swift */; };
		CED14575227B5EF900342B3B /* GoogleService-Info.plist in Resources */ = {isa = PBXBuildFile; fileRef = CED14574227B5EF900342B3B /* GoogleService-Info.plist */; };
		CED14579227CD3CD00342B3B /* FBPostTableViewController.swift in Sources */ = {isa = PBXBuildFile; fileRef = CED14578227CD3CD00342B3B /* FBPostTableViewController.swift */; };
		CED1457F227CD47F00342B3B /* Message.swift in Sources */ = {isa = PBXBuildFile; fileRef = CED1457E227CD47F00342B3B /* Message.swift */; };
		CED14581227CD48A00342B3B /* FBPost.swift in Sources */ = {isa = PBXBuildFile; fileRef = CED14580227CD48A00342B3B /* FBPost.swift */; };
		CED14583227CD51B00342B3B /* PhotoSelectorViewController.swift in Sources */ = {isa = PBXBuildFile; fileRef = CED14582227CD51B00342B3B /* PhotoSelectorViewController.swift */; };
		CED14585227CD87600342B3B /* FBPostController.swift in Sources */ = {isa = PBXBuildFile; fileRef = CED14584227CD87600342B3B /* FBPostController.swift */; };
		CED14589227CF20D00342B3B /* postFirebaseController.swift in Sources */ = {isa = PBXBuildFile; fileRef = CED14588227CF20D00342B3B /* postFirebaseController.swift */; };
/* End PBXBuildFile section */

/* Begin PBXFileReference section */
		3DD7A4176D883DC5FEC846A5 /* Pods_FBSocial.framework */ = {isa = PBXFileReference; explicitFileType = wrapper.framework; includeInIndex = 0; path = Pods_FBSocial.framework; sourceTree = BUILT_PRODUCTS_DIR; };
		7ED7E3754393BD5F792E4C3D /* Pods-FBSocial.release.xcconfig */ = {isa = PBXFileReference; includeInIndex = 1; lastKnownFileType = text.xcconfig; name = "Pods-FBSocial.release.xcconfig"; path = "Pods/Target Support Files/Pods-FBSocial/Pods-FBSocial.release.xcconfig"; sourceTree = "<group>"; };
		CE1C3037226B81B5006551D1 /* FBSocial.app */ = {isa = PBXFileReference; explicitFileType = wrapper.application; includeInIndex = 0; path = FBSocial.app; sourceTree = BUILT_PRODUCTS_DIR; };
		CE1C303A226B81B5006551D1 /* AppDelegate.swift */ = {isa = PBXFileReference; lastKnownFileType = sourcecode.swift; path = AppDelegate.swift; sourceTree = "<group>"; };
		CE1C303F226B81B6006551D1 /* Base */ = {isa = PBXFileReference; lastKnownFileType = file.storyboard; name = Base; path = Base.lproj/Main.storyboard; sourceTree = "<group>"; };
		CE1C3041226B81B7006551D1 /* Assets.xcassets */ = {isa = PBXFileReference; lastKnownFileType = folder.assetcatalog; path = Assets.xcassets; sourceTree = "<group>"; };
		CE1C3044226B81B7006551D1 /* Base */ = {isa = PBXFileReference; lastKnownFileType = file.storyboard; name = Base; path = Base.lproj/LaunchScreen.storyboard; sourceTree = "<group>"; };
		CE1C3046226B81B7006551D1 /* Info.plist */ = {isa = PBXFileReference; lastKnownFileType = text.plist.xml; path = Info.plist; sourceTree = "<group>"; };
		CE1C304E226B9341006551D1 /* LoginViewController.swift */ = {isa = PBXFileReference; lastKnownFileType = sourcecode.swift; path = LoginViewController.swift; sourceTree = "<group>"; };
		CE1C3053226C01AF006551D1 /* FBSocial.entitlements */ = {isa = PBXFileReference; lastKnownFileType = text.plist.entitlements; path = FBSocial.entitlements; sourceTree = "<group>"; };
		CE4496C72273A6A400DE18E2 /* FBNetworkController.swift */ = {isa = PBXFileReference; lastKnownFileType = sourcecode.swift; path = FBNetworkController.swift; sourceTree = "<group>"; };
		CE5E843F22791B1000609D09 /* TwitterNetworkController.swift */ = {isa = PBXFileReference; lastKnownFileType = sourcecode.swift; path = TwitterNetworkController.swift; sourceTree = "<group>"; };
		CED14574227B5EF900342B3B /* GoogleService-Info.plist */ = {isa = PBXFileReference; fileEncoding = 4; lastKnownFileType = text.plist.xml; path = "GoogleService-Info.plist"; sourceTree = "<group>"; };
		CED14578227CD3CD00342B3B /* FBPostTableViewController.swift */ = {isa = PBXFileReference; lastKnownFileType = sourcecode.swift; path = FBPostTableViewController.swift; sourceTree = "<group>"; };
		CED1457E227CD47F00342B3B /* Message.swift */ = {isa = PBXFileReference; fileEncoding = 4; lastKnownFileType = sourcecode.swift; path = Message.swift; sourceTree = "<group>"; };
		CED14580227CD48A00342B3B /* FBPost.swift */ = {isa = PBXFileReference; fileEncoding = 4; lastKnownFileType = sourcecode.swift; path = FBPost.swift; sourceTree = "<group>"; };
		CED14582227CD51B00342B3B /* PhotoSelectorViewController.swift */ = {isa = PBXFileReference; lastKnownFileType = sourcecode.swift; path = PhotoSelectorViewController.swift; sourceTree = "<group>"; };
		CED14584227CD87600342B3B /* FBPostController.swift */ = {isa = PBXFileReference; lastKnownFileType = sourcecode.swift; path = FBPostController.swift; sourceTree = "<group>"; };
		CED14588227CF20D00342B3B /* postFirebaseController.swift */ = {isa = PBXFileReference; lastKnownFileType = sourcecode.swift; path = postFirebaseController.swift; sourceTree = "<group>"; };
		EB21859ED67D3DFD717438BF /* Pods-FBSocial.debug.xcconfig */ = {isa = PBXFileReference; includeInIndex = 1; lastKnownFileType = text.xcconfig; name = "Pods-FBSocial.debug.xcconfig"; path = "Pods/Target Support Files/Pods-FBSocial/Pods-FBSocial.debug.xcconfig"; sourceTree = "<group>"; };
/* End PBXFileReference section */

/* Begin PBXFrameworksBuildPhase section */
		CE1C3034226B81B5006551D1 /* Frameworks */ = {
			isa = PBXFrameworksBuildPhase;
			buildActionMask = 2147483647;
			files = (
				B0C4C3141E51E49E263C8C72 /* Pods_FBSocial.framework in Frameworks */,
			);
			runOnlyForDeploymentPostprocessing = 0;
		};
/* End PBXFrameworksBuildPhase section */

/* Begin PBXGroup section */
		26098277297E5484D812E3AC /* Frameworks */ = {
			isa = PBXGroup;
			children = (
				3DD7A4176D883DC5FEC846A5 /* Pods_FBSocial.framework */,
			);
			name = Frameworks;
			sourceTree = "<group>";
		};
		B7E76CB8439AE65D523C6A1B /* Pods */ = {
			isa = PBXGroup;
			children = (
				EB21859ED67D3DFD717438BF /* Pods-FBSocial.debug.xcconfig */,
				7ED7E3754393BD5F792E4C3D /* Pods-FBSocial.release.xcconfig */,
			);
			name = Pods;
			sourceTree = "<group>";
		};
		CE1C302E226B81B5006551D1 = {
			isa = PBXGroup;
			children = (
				CE1C3039226B81B5006551D1 /* FBSocial */,
				CE1C3038226B81B5006551D1 /* Products */,
				B7E76CB8439AE65D523C6A1B /* Pods */,
				26098277297E5484D812E3AC /* Frameworks */,
			);
			sourceTree = "<group>";
		};
		CE1C3038226B81B5006551D1 /* Products */ = {
			isa = PBXGroup;
			children = (
				CE1C3037226B81B5006551D1 /* FBSocial.app */,
			);
			name = Products;
			sourceTree = "<group>";
		};
		CE1C3039226B81B5006551D1 /* FBSocial */ = {
			isa = PBXGroup;
			children = (
				CE1C3053226C01AF006551D1 /* FBSocial.entitlements */,
				CED14574227B5EF900342B3B /* GoogleService-Info.plist */,
				CED1457D227CD46100342B3B /* Models */,
				CE1C304D226B9315006551D1 /* Views */,
				CE4496C92273A6B700DE18E2 /* ModelControllers */,
				CE1C3050226B9379006551D1 /* ViewControllers */,
				CE1C304C226B9301006551D1 /* Resources */,
			);
			path = FBSocial;
			sourceTree = "<group>";
		};
		CE1C304C226B9301006551D1 /* Resources */ = {
			isa = PBXGroup;
			children = (
				CE1C3041226B81B7006551D1 /* Assets.xcassets */,
				CE1C303A226B81B5006551D1 /* AppDelegate.swift */,
				CE1C3043226B81B7006551D1 /* LaunchScreen.storyboard */,
				CE1C3046226B81B7006551D1 /* Info.plist */,
			);
			path = Resources;
			sourceTree = "<group>";
		};
		CE1C304D226B9315006551D1 /* Views */ = {
			isa = PBXGroup;
			children = (
				CE1C303E226B81B6006551D1 /* Main.storyboard */,
			);
			path = Views;
			sourceTree = "<group>";
		};
		CE1C3050226B9379006551D1 /* ViewControllers */ = {
			isa = PBXGroup;
			children = (
				CE1C304E226B9341006551D1 /* LoginViewController.swift */,
				CED14578227CD3CD00342B3B /* FBPostTableViewController.swift */,
				CED14582227CD51B00342B3B /* PhotoSelectorViewController.swift */,
			);
			path = ViewControllers;
			sourceTree = "<group>";
		};
		CE4496C92273A6B700DE18E2 /* ModelControllers */ = {
			isa = PBXGroup;
			children = (
				CE4496C72273A6A400DE18E2 /* FBNetworkController.swift */,
				CE5E843F22791B1000609D09 /* TwitterNetworkController.swift */,
				CED14584227CD87600342B3B /* FBPostController.swift */,
				CED14588227CF20D00342B3B /* postFirebaseController.swift */,
			);
			path = ModelControllers;
			sourceTree = "<group>";
		};
		CED1457D227CD46100342B3B /* Models */ = {
			isa = PBXGroup;
			children = (
				CED14580227CD48A00342B3B /* FBPost.swift */,
				CED1457E227CD47F00342B3B /* Message.swift */,
			);
			name = Models;
			sourceTree = "<group>";
		};
/* End PBXGroup section */

/* Begin PBXNativeTarget section */
		CE1C3036226B81B5006551D1 /* FBSocial */ = {
			isa = PBXNativeTarget;
			buildConfigurationList = CE1C3049226B81B7006551D1 /* Build configuration list for PBXNativeTarget "FBSocial" */;
			buildPhases = (
				80109E9DE23F0A044990C8EB /* [CP] Check Pods Manifest.lock */,
				CE1C3033226B81B5006551D1 /* Sources */,
				CE1C3034226B81B5006551D1 /* Frameworks */,
				CE1C3035226B81B5006551D1 /* Resources */,
				506FE8D2DE2100D8A432F1E4 /* [CP] Embed Pods Frameworks */,
			);
			buildRules = (
			);
			dependencies = (
			);
			name = FBSocial;
			productName = FBSocial;
			productReference = CE1C3037226B81B5006551D1 /* FBSocial.app */;
			productType = "com.apple.product-type.application";
		};
/* End PBXNativeTarget section */

/* Begin PBXProject section */
		CE1C302F226B81B5006551D1 /* Project object */ = {
			isa = PBXProject;
			attributes = {
				LastSwiftUpdateCheck = 1010;
				LastUpgradeCheck = 1010;
				ORGANIZATIONNAME = User;
				TargetAttributes = {
					CE1C3036226B81B5006551D1 = {
						CreatedOnToolsVersion = 10.1;
						SystemCapabilities = {
							com.apple.Keychain = {
								enabled = 1;
							};
						};
					};
				};
			};
			buildConfigurationList = CE1C3032226B81B5006551D1 /* Build configuration list for PBXProject "FBSocial" */;
			compatibilityVersion = "Xcode 9.3";
			developmentRegion = en;
			hasScannedForEncodings = 0;
			knownRegions = (
				en,
				Base,
			);
			mainGroup = CE1C302E226B81B5006551D1;
			productRefGroup = CE1C3038226B81B5006551D1 /* Products */;
			projectDirPath = "";
			projectRoot = "";
			targets = (
				CE1C3036226B81B5006551D1 /* FBSocial */,
			);
		};
/* End PBXProject section */

/* Begin PBXResourcesBuildPhase section */
		CE1C3035226B81B5006551D1 /* Resources */ = {
			isa = PBXResourcesBuildPhase;
			buildActionMask = 2147483647;
			files = (
				CED14575227B5EF900342B3B /* GoogleService-Info.plist in Resources */,
				CE1C3045226B81B7006551D1 /* LaunchScreen.storyboard in Resources */,
				CE1C3042226B81B7006551D1 /* Assets.xcassets in Resources */,
				CE1C3040226B81B6006551D1 /* Main.storyboard in Resources */,
			);
			runOnlyForDeploymentPostprocessing = 0;
		};
/* End PBXResourcesBuildPhase section */

/* Begin PBXShellScriptBuildPhase section */
		506FE8D2DE2100D8A432F1E4 /* [CP] Embed Pods Frameworks */ = {
			isa = PBXShellScriptBuildPhase;
			buildActionMask = 2147483647;
			files = (
			);
			inputFileListPaths = (
			);
			inputPaths = (
				"${SRCROOT}/Pods/Target Support Files/Pods-FBSocial/Pods-FBSocial-frameworks.sh",
				"${BUILT_PRODUCTS_DIR}/Bolts/Bolts.framework",
				"${BUILT_PRODUCTS_DIR}/BoringSSL-GRPC/openssl_grpc.framework",
				"${BUILT_PRODUCTS_DIR}/FBSDKCoreKit/FBSDKCoreKit.framework",
				"${BUILT_PRODUCTS_DIR}/FBSDKLoginKit/FBSDKLoginKit.framework",
				"${BUILT_PRODUCTS_DIR}/FBSDKShareKit/FBSDKShareKit.framework",
				"${BUILT_PRODUCTS_DIR}/FacebookCore/FacebookCore.framework",
				"${BUILT_PRODUCTS_DIR}/FacebookLogin/FacebookLogin.framework",
				"${BUILT_PRODUCTS_DIR}/FacebookShare/FacebookShare.framework",
				"${BUILT_PRODUCTS_DIR}/GTMSessionFetcher/GTMSessionFetcher.framework",
				"${BUILT_PRODUCTS_DIR}/GoogleUtilities/GoogleUtilities.framework",
				"${BUILT_PRODUCTS_DIR}/Protobuf/Protobuf.framework",
				"${BUILT_PRODUCTS_DIR}/gRPC-C++/grpcpp.framework",
				"${BUILT_PRODUCTS_DIR}/gRPC-Core/grpc.framework",
				"${BUILT_PRODUCTS_DIR}/leveldb-library/leveldb.framework",
				"${BUILT_PRODUCTS_DIR}/nanopb/nanopb.framework",
			);
			name = "[CP] Embed Pods Frameworks";
			outputFileListPaths = (
			);
			outputPaths = (
				"${TARGET_BUILD_DIR}/${FRAMEWORKS_FOLDER_PATH}/Bolts.framework",
				"${TARGET_BUILD_DIR}/${FRAMEWORKS_FOLDER_PATH}/openssl_grpc.framework",
				"${TARGET_BUILD_DIR}/${FRAMEWORKS_FOLDER_PATH}/FBSDKCoreKit.framework",
				"${TARGET_BUILD_DIR}/${FRAMEWORKS_FOLDER_PATH}/FBSDKLoginKit.framework",
				"${TARGET_BUILD_DIR}/${FRAMEWORKS_FOLDER_PATH}/FBSDKShareKit.framework",
				"${TARGET_BUILD_DIR}/${FRAMEWORKS_FOLDER_PATH}/FacebookCore.framework",
				"${TARGET_BUILD_DIR}/${FRAMEWORKS_FOLDER_PATH}/FacebookLogin.framework",
				"${TARGET_BUILD_DIR}/${FRAMEWORKS_FOLDER_PATH}/FacebookShare.framework",
				"${TARGET_BUILD_DIR}/${FRAMEWORKS_FOLDER_PATH}/GTMSessionFetcher.framework",
				"${TARGET_BUILD_DIR}/${FRAMEWORKS_FOLDER_PATH}/GoogleUtilities.framework",
				"${TARGET_BUILD_DIR}/${FRAMEWORKS_FOLDER_PATH}/Protobuf.framework",
				"${TARGET_BUILD_DIR}/${FRAMEWORKS_FOLDER_PATH}/grpcpp.framework",
				"${TARGET_BUILD_DIR}/${FRAMEWORKS_FOLDER_PATH}/grpc.framework",
				"${TARGET_BUILD_DIR}/${FRAMEWORKS_FOLDER_PATH}/leveldb.framework",
				"${TARGET_BUILD_DIR}/${FRAMEWORKS_FOLDER_PATH}/nanopb.framework",
			);
			runOnlyForDeploymentPostprocessing = 0;
			shellPath = /bin/sh;
			shellScript = "\"${SRCROOT}/Pods/Target Support Files/Pods-FBSocial/Pods-FBSocial-frameworks.sh\"\n";
			showEnvVarsInLog = 0;
		};
		80109E9DE23F0A044990C8EB /* [CP] Check Pods Manifest.lock */ = {
			isa = PBXShellScriptBuildPhase;
			buildActionMask = 2147483647;
			files = (
			);
			inputFileListPaths = (
			);
			inputPaths = (
				"${PODS_PODFILE_DIR_PATH}/Podfile.lock",
				"${PODS_ROOT}/Manifest.lock",
			);
			name = "[CP] Check Pods Manifest.lock";
			outputFileListPaths = (
			);
			outputPaths = (
				"$(DERIVED_FILE_DIR)/Pods-FBSocial-checkManifestLockResult.txt",
			);
			runOnlyForDeploymentPostprocessing = 0;
			shellPath = /bin/sh;
			shellScript = "diff \"${PODS_PODFILE_DIR_PATH}/Podfile.lock\" \"${PODS_ROOT}/Manifest.lock\" > /dev/null\nif [ $? != 0 ] ; then\n    # print error to STDERR\n    echo \"error: The sandbox is not in sync with the Podfile.lock. Run 'pod install' or update your CocoaPods installation.\" >&2\n    exit 1\nfi\n# This output is used by Xcode 'outputs' to avoid re-running this script phase.\necho \"SUCCESS\" > \"${SCRIPT_OUTPUT_FILE_0}\"\n";
			showEnvVarsInLog = 0;
		};
/* End PBXShellScriptBuildPhase section */

/* Begin PBXSourcesBuildPhase section */
		CE1C3033226B81B5006551D1 /* Sources */ = {
			isa = PBXSourcesBuildPhase;
			buildActionMask = 2147483647;
			files = (
				CE4496C82273A6A400DE18E2 /* FBNetworkController.swift in Sources */,
				CE5E844022791B1000609D09 /* TwitterNetworkController.swift in Sources */,
				CED14583227CD51B00342B3B /* PhotoSelectorViewController.swift in Sources */,
				CE1C304F226B9341006551D1 /* LoginViewController.swift in Sources */,
				CED14585227CD87600342B3B /* FBPostController.swift in Sources */,
				CED1457F227CD47F00342B3B /* Message.swift in Sources */,
				CE1C303B226B81B5006551D1 /* AppDelegate.swift in Sources */,
				CED14581227CD48A00342B3B /* FBPost.swift in Sources */,
				CED14589227CF20D00342B3B /* postFirebaseController.swift in Sources */,
				CED14579227CD3CD00342B3B /* FBPostTableViewController.swift in Sources */,
			);
			runOnlyForDeploymentPostprocessing = 0;
		};
/* End PBXSourcesBuildPhase section */

/* Begin PBXVariantGroup section */
		CE1C303E226B81B6006551D1 /* Main.storyboard */ = {
			isa = PBXVariantGroup;
			children = (
				CE1C303F226B81B6006551D1 /* Base */,
			);
			name = Main.storyboard;
			sourceTree = "<group>";
		};
		CE1C3043226B81B7006551D1 /* LaunchScreen.storyboard */ = {
			isa = PBXVariantGroup;
			children = (
				CE1C3044226B81B7006551D1 /* Base */,
			);
			name = LaunchScreen.storyboard;
			sourceTree = "<group>";
		};
/* End PBXVariantGroup section */

/* Begin XCBuildConfiguration section */
		CE1C3047226B81B7006551D1 /* Debug */ = {
			isa = XCBuildConfiguration;
			buildSettings = {
				ALWAYS_SEARCH_USER_PATHS = NO;
				CLANG_ANALYZER_NONNULL = YES;
				CLANG_ANALYZER_NUMBER_OBJECT_CONVERSION = YES_AGGRESSIVE;
				CLANG_CXX_LANGUAGE_STANDARD = "gnu++14";
				CLANG_CXX_LIBRARY = "libc++";
				CLANG_ENABLE_MODULES = YES;
				CLANG_ENABLE_OBJC_ARC = YES;
				CLANG_ENABLE_OBJC_WEAK = YES;
				CLANG_WARN_BLOCK_CAPTURE_AUTORELEASING = YES;
				CLANG_WARN_BOOL_CONVERSION = YES;
				CLANG_WARN_COMMA = YES;
				CLANG_WARN_CONSTANT_CONVERSION = YES;
				CLANG_WARN_DEPRECATED_OBJC_IMPLEMENTATIONS = YES;
				CLANG_WARN_DIRECT_OBJC_ISA_USAGE = YES_ERROR;
				CLANG_WARN_DOCUMENTATION_COMMENTS = YES;
				CLANG_WARN_EMPTY_BODY = YES;
				CLANG_WARN_ENUM_CONVERSION = YES;
				CLANG_WARN_INFINITE_RECURSION = YES;
				CLANG_WARN_INT_CONVERSION = YES;
				CLANG_WARN_NON_LITERAL_NULL_CONVERSION = YES;
				CLANG_WARN_OBJC_IMPLICIT_RETAIN_SELF = YES;
				CLANG_WARN_OBJC_LITERAL_CONVERSION = YES;
				CLANG_WARN_OBJC_ROOT_CLASS = YES_ERROR;
				CLANG_WARN_RANGE_LOOP_ANALYSIS = YES;
				CLANG_WARN_STRICT_PROTOTYPES = YES;
				CLANG_WARN_SUSPICIOUS_MOVE = YES;
				CLANG_WARN_UNGUARDED_AVAILABILITY = YES_AGGRESSIVE;
				CLANG_WARN_UNREACHABLE_CODE = YES;
				CLANG_WARN__DUPLICATE_METHOD_MATCH = YES;
				CODE_SIGN_IDENTITY = "iPhone Developer";
				COPY_PHASE_STRIP = NO;
				DEBUG_INFORMATION_FORMAT = dwarf;
				ENABLE_STRICT_OBJC_MSGSEND = YES;
				ENABLE_TESTABILITY = YES;
				GCC_C_LANGUAGE_STANDARD = gnu11;
				GCC_DYNAMIC_NO_PIC = NO;
				GCC_NO_COMMON_BLOCKS = YES;
				GCC_OPTIMIZATION_LEVEL = 0;
				GCC_PREPROCESSOR_DEFINITIONS = (
					"DEBUG=1",
					"$(inherited)",
				);
				GCC_WARN_64_TO_32_BIT_CONVERSION = YES;
				GCC_WARN_ABOUT_RETURN_TYPE = YES_ERROR;
				GCC_WARN_UNDECLARED_SELECTOR = YES;
				GCC_WARN_UNINITIALIZED_AUTOS = YES_AGGRESSIVE;
				GCC_WARN_UNUSED_FUNCTION = YES;
				GCC_WARN_UNUSED_VARIABLE = YES;
				IPHONEOS_DEPLOYMENT_TARGET = 12.1;
				MTL_ENABLE_DEBUG_INFO = INCLUDE_SOURCE;
				MTL_FAST_MATH = YES;
				ONLY_ACTIVE_ARCH = YES;
				SDKROOT = iphoneos;
				SWIFT_ACTIVE_COMPILATION_CONDITIONS = DEBUG;
				SWIFT_OPTIMIZATION_LEVEL = "-Onone";
			};
			name = Debug;
		};
		CE1C3048226B81B7006551D1 /* Release */ = {
			isa = XCBuildConfiguration;
			buildSettings = {
				ALWAYS_SEARCH_USER_PATHS = NO;
				CLANG_ANALYZER_NONNULL = YES;
				CLANG_ANALYZER_NUMBER_OBJECT_CONVERSION = YES_AGGRESSIVE;
				CLANG_CXX_LANGUAGE_STANDARD = "gnu++14";
				CLANG_CXX_LIBRARY = "libc++";
				CLANG_ENABLE_MODULES = YES;
				CLANG_ENABLE_OBJC_ARC = YES;
				CLANG_ENABLE_OBJC_WEAK = YES;
				CLANG_WARN_BLOCK_CAPTURE_AUTORELEASING = YES;
				CLANG_WARN_BOOL_CONVERSION = YES;
				CLANG_WARN_COMMA = YES;
				CLANG_WARN_CONSTANT_CONVERSION = YES;
				CLANG_WARN_DEPRECATED_OBJC_IMPLEMENTATIONS = YES;
				CLANG_WARN_DIRECT_OBJC_ISA_USAGE = YES_ERROR;
				CLANG_WARN_DOCUMENTATION_COMMENTS = YES;
				CLANG_WARN_EMPTY_BODY = YES;
				CLANG_WARN_ENUM_CONVERSION = YES;
				CLANG_WARN_INFINITE_RECURSION = YES;
				CLANG_WARN_INT_CONVERSION = YES;
				CLANG_WARN_NON_LITERAL_NULL_CONVERSION = YES;
				CLANG_WARN_OBJC_IMPLICIT_RETAIN_SELF = YES;
				CLANG_WARN_OBJC_LITERAL_CONVERSION = YES;
				CLANG_WARN_OBJC_ROOT_CLASS = YES_ERROR;
				CLANG_WARN_RANGE_LOOP_ANALYSIS = YES;
				CLANG_WARN_STRICT_PROTOTYPES = YES;
				CLANG_WARN_SUSPICIOUS_MOVE = YES;
				CLANG_WARN_UNGUARDED_AVAILABILITY = YES_AGGRESSIVE;
				CLANG_WARN_UNREACHABLE_CODE = YES;
				CLANG_WARN__DUPLICATE_METHOD_MATCH = YES;
				CODE_SIGN_IDENTITY = "iPhone Developer";
				COPY_PHASE_STRIP = NO;
				DEBUG_INFORMATION_FORMAT = "dwarf-with-dsym";
				ENABLE_NS_ASSERTIONS = NO;
				ENABLE_STRICT_OBJC_MSGSEND = YES;
				GCC_C_LANGUAGE_STANDARD = gnu11;
				GCC_NO_COMMON_BLOCKS = YES;
				GCC_WARN_64_TO_32_BIT_CONVERSION = YES;
				GCC_WARN_ABOUT_RETURN_TYPE = YES_ERROR;
				GCC_WARN_UNDECLARED_SELECTOR = YES;
				GCC_WARN_UNINITIALIZED_AUTOS = YES_AGGRESSIVE;
				GCC_WARN_UNUSED_FUNCTION = YES;
				GCC_WARN_UNUSED_VARIABLE = YES;
				IPHONEOS_DEPLOYMENT_TARGET = 12.1;
				MTL_ENABLE_DEBUG_INFO = NO;
				MTL_FAST_MATH = YES;
				SDKROOT = iphoneos;
				SWIFT_COMPILATION_MODE = wholemodule;
				SWIFT_OPTIMIZATION_LEVEL = "-O";
				VALIDATE_PRODUCT = YES;
			};
			name = Release;
		};
		CE1C304A226B81B7006551D1 /* Debug */ = {
			isa = XCBuildConfiguration;
			baseConfigurationReference = EB21859ED67D3DFD717438BF /* Pods-FBSocial.debug.xcconfig */;
			buildSettings = {
				ASSETCATALOG_COMPILER_APPICON_NAME = AppIcon;
				CODE_SIGN_ENTITLEMENTS = FBSocial/FBSocial.entitlements;
				CODE_SIGN_STYLE = Automatic;
				DEVELOPMENT_TEAM = 3DMFD3YYQW;
				INFOPLIST_FILE = "$(SRCROOT)/FBSocial/Resources/Info.plist";
				LD_RUNPATH_SEARCH_PATHS = (
					"$(inherited)",
					"@executable_path/Frameworks",
				);
				PRODUCT_BUNDLE_IDENTIFIER = com.checklists.FBSocial;
				PRODUCT_NAME = "$(TARGET_NAME)";
				SWIFT_VERSION = 4.2;
				TARGETED_DEVICE_FAMILY = "1,2";
			};
			name = Debug;
		};
		CE1C304B226B81B7006551D1 /* Release */ = {
			isa = XCBuildConfiguration;
			baseConfigurationReference = 7ED7E3754393BD5F792E4C3D /* Pods-FBSocial.release.xcconfig */;
			buildSettings = {
				ASSETCATALOG_COMPILER_APPICON_NAME = AppIcon;
				CODE_SIGN_ENTITLEMENTS = FBSocial/FBSocial.entitlements;
				CODE_SIGN_STYLE = Automatic;
				DEVELOPMENT_TEAM = 3DMFD3YYQW;
				INFOPLIST_FILE = "$(SRCROOT)/FBSocial/Resources/Info.plist";
				LD_RUNPATH_SEARCH_PATHS = (
					"$(inherited)",
					"@executable_path/Frameworks",
				);
				PRODUCT_BUNDLE_IDENTIFIER = com.checklists.FBSocial;
				PRODUCT_NAME = "$(TARGET_NAME)";
				SWIFT_VERSION = 4.2;
				TARGETED_DEVICE_FAMILY = "1,2";
			};
			name = Release;
		};
/* End XCBuildConfiguration section */

/* Begin XCConfigurationList section */
		CE1C3032226B81B5006551D1 /* Build configuration list for PBXProject "FBSocial" */ = {
			isa = XCConfigurationList;
			buildConfigurations = (
				CE1C3047226B81B7006551D1 /* Debug */,
				CE1C3048226B81B7006551D1 /* Release */,
			);
			defaultConfigurationIsVisible = 0;
			defaultConfigurationName = Release;
		};
		CE1C3049226B81B7006551D1 /* Build configuration list for PBXNativeTarget "FBSocial" */ = {
			isa = XCConfigurationList;
			buildConfigurations = (
				CE1C304A226B81B7006551D1 /* Debug */,
				CE1C304B226B81B7006551D1 /* Release */,
			);
			defaultConfigurationIsVisible = 0;
			defaultConfigurationName = Release;
		};
/* End XCConfigurationList section */
	};
	rootObject = CE1C302F226B81B5006551D1 /* Project object */;
}
